
Microsoft Visual Studio Solution File, Format Version 12.00
# Visual Studio Version 16
VisualStudioVersion = 16.0.30907.101
MinimumVisualStudioVersion = 10.0.40219.1
Project("{FAE04EC0-301F-11D3-BF4B-00C04F79EFBC}") = "comictracker", "comictracker\comictracker.csproj", "{2737FB01-037A-41E5-9A68-638B455D161D}"
EndProject
Project("{54435603-DBB4-11D2-8724-00A0C9A8B90C}") = "comictrackersetup", "comictrackersetup\comictrackersetup.vdproj", "{C086B91A-6971-4E8B-973E-2CFD223DDA7E}"
EndProject
Global
	GlobalSection(SolutionConfigurationPlatforms) = preSolution
		Debug|Any CPU = Debug|Any CPU
		Release|Any CPU = Release|Any CPU
	EndGlobalSection
	GlobalSection(ProjectConfigurationPlatforms) = postSolution
		{2737FB01-037A-41E5-9A68-638B455D161D}.Debug|Any CPU.ActiveCfg = Debug|Any CPU
		{2737FB01-037A-41E5-9A68-638B455D161D}.Debug|Any CPU.Build.0 = Debug|Any CPU
		{2737FB01-037A-41E5-9A68-638B455D161D}.Release|Any CPU.ActiveCfg = Release|Any CPU
		{2737FB01-037A-41E5-9A68-638B455D161D}.Release|Any CPU.Build.0 = Release|Any CPU
		{C086B91A-6971-4E8B-973E-2CFD223DDA7E}.Debug|Any CPU.ActiveCfg = Debug
		{C086B91A-6971-4E8B-973E-2CFD223DDA7E}.Release|Any CPU.ActiveCfg = Release
	EndGlobalSection
	GlobalSection(SolutionProperties) = preSolution
		HideSolutionNode = FALSE
	EndGlobalSection
	GlobalSection(ExtensibilityGlobals) = postSolution
		SolutionGuid = {604E07DE-56D3-473E-878E-1C4C95D36287}
	EndGlobalSection
EndGlobal
